
Microsoft Visual Studio Solution File, Format Version 12.00
# Visual Studio 15
VisualStudioVersion = 15.0.27004.2002
MinimumVisualStudioVersion = 10.0.40219.1
Project("{9A19103F-16F7-4668-BE54-9A1E7A4F7556}") = "Kickbox", "Kickbox\Kickbox.csproj", "{7A901759-5CC0-4D75-A23A-F827755A8753}"
EndProject
Project("{FAE04EC0-301F-11D3-BF4B-00C04F79EFBC}") = "Kickbox.TestClient", "Kickbox.TestClient\Kickbox.TestClient.csproj", "{9F0F33F0-5342-420B-BD8C-A1260F4EF5E1}"
EndProject
Global
	GlobalSection(SolutionConfigurationPlatforms) = preSolution
		Debug|Any CPU = Debug|Any CPU
		Release|Any CPU = Release|Any CPU
	EndGlobalSection
	GlobalSection(ProjectConfigurationPlatforms) = postSolution
		{7A901759-5CC0-4D75-A23A-F827755A8753}.Debug|Any CPU.ActiveCfg = Debug|Any CPU
		{7A901759-5CC0-4D75-A23A-F827755A8753}.Debug|Any CPU.Build.0 = Debug|Any CPU
		{7A901759-5CC0-4D75-A23A-F827755A8753}.Release|Any CPU.ActiveCfg = Release|Any CPU
		{7A901759-5CC0-4D75-A23A-F827755A8753}.Release|Any CPU.Build.0 = Release|Any CPU
		{9F0F33F0-5342-420B-BD8C-A1260F4EF5E1}.Debug|Any CPU.ActiveCfg = Debug|Any CPU
		{9F0F33F0-5342-420B-BD8C-A1260F4EF5E1}.Debug|Any CPU.Build.0 = Debug|Any CPU
		{9F0F33F0-5342-420B-BD8C-A1260F4EF5E1}.Release|Any CPU.ActiveCfg = Release|Any CPU
		{9F0F33F0-5342-420B-BD8C-A1260F4EF5E1}.Release|Any CPU.Build.0 = Release|Any CPU
	EndGlobalSection
	GlobalSection(SolutionProperties) = preSolution
		HideSolutionNode = FALSE
	EndGlobalSection
	GlobalSection(ExtensibilityGlobals) = postSolution
		SolutionGuid = {A17FC769-1C20-41AE-AFE8-39CB4576B252}
	EndGlobalSection
EndGlobal
